{
  "nodes": {
    "aquamarine": {
      "inputs": {
        "hyprutils": [
          "hyprlua",
          "hyprutils"
        ],
        "hyprwayland-scanner": [
          "hyprlua",
          "hyprwayland-scanner"
        ],
        "nixpkgs": [
          "hyprlua",
          "nixpkgs"
        ],
        "systems": [
          "hyprlua",
          "systems"
        ]
      },
      "locked": {
        "lastModified": 1776876344,
        "narHash": "sha256-Ubqb/agkuMJK+k19gjQgHux/eOYRc1sRGoOZOho8+VY=",
        "owner": "hyprwm",
        "repo": "aquamarine",
        "rev": "648a13d0ee1e03a843b3e145b8ece15393058701",
        "type": "github"
      },
      "original": {
        "owner": "hyprwm",
        "repo": "aquamarine",
        "type": "github"
      }
    },
    "finix": {
      "locked": {
        "lastModified": 1776991218,
        "narHash": "sha256-g+0aCqBuqwSLRJgoVMUdAjBSSnOWDHExf0fGHK43Uc4=",
        "owner": "finix-community",
        "repo": "finix",
        "rev": "0d36fc1ca4062beaa250283e1ec3f300354d4ac4",
        "type": "github"
      },
      "original": {
        "owner": "finix-community",
        "repo": "finix",
        "type": "github"
      }
    },
    "flake-compat": {
      "flake": false,
      "locked": {
        "lastModified": 1767039857,
        "narHash": "sha256-vNpUSpF5Nuw8xvDLj2KCwwksIbjua2LZCqhV1LNRDns=",
        "owner": "NixOS",
        "repo": "flake-compat",
        "rev": "5edf11c44bc78a0d334f6334cdaf7d60d732daab",
        "type": "github"
      },
      "original": {
        "owner": "NixOS",
        "repo": "flake-compat",
        "type": "github"
      }
    },
    "gitignore": {
      "inputs": {
        "nixpkgs": [
          "hyprlua",
          "pre-commit-hooks",
          "nixpkgs"
        ]
      },
      "locked": {
        "lastModified": 1709087332,
        "narHash": "sha256-HG2cCnktfHsKV0s4XW83gU3F57gaTljL9KNSuG6bnQs=",
        "owner": "hercules-ci",
        "repo": "gitignore.nix",
        "rev": "637db329424fd7e46cf4185293b9cc8c88c95394",
        "type": "github"
      },
      "original": {
        "owner": "hercules-ci",
        "repo": "gitignore.nix",
        "type": "github"
      }
    },
    "hjem": {
      "inputs": {
        "nix-darwin": "nix-darwin",
        "nixpkgs": [
          "nixpkgs"
        ]
      },
      "locked": {
        "lastModified": 1776917055,
        "narHash": "sha256-QIACfyeSmcP+2HNCCnmT5P+Rm0mA+2tn3WU3vcEREhU=",
        "owner": "r0chd",
        "repo": "hjem",
        "rev": "afe196755eab1ddaeb21da452eb3c54fa859ab0c",
        "type": "github"
      },
      "original": {
        "owner": "r0chd",
        "repo": "hjem",
        "type": "github"
      }
    },
    "hyprcursor": {
      "inputs": {
        "hyprlang": [
          "hyprlua",
          "hyprlang"
        ],
        "nixpkgs": [
          "hyprlua",
          "nixpkgs"
        ],
        "systems": [
          "hyprlua",
          "systems"
        ]
      },
      "locked": {
        "lastModified": 1776511930,
        "narHash": "sha256-fCpwFiTW0rT7oKJqr3cqHMnkwypSwQKpbtUEtxdkgrM=",
        "owner": "hyprwm",
        "repo": "hyprcursor",
        "rev": "39435900785d0c560c6ae8777d29f28617d031ef",
        "type": "github"
      },
      "original": {
        "owner": "hyprwm",
        "repo": "hyprcursor",
        "type": "github"
      }
    },
    "hyprgraphics": {
      "inputs": {
        "hyprutils": [
          "hyprlua",
          "hyprutils"
        ],
        "nixpkgs": [
          "hyprlua",
          "nixpkgs"
        ],
        "systems": [
          "hyprlua",
          "systems"
        ]
      },
      "locked": {
        "lastModified": 1776426399,
        "narHash": "sha256-RUESLKNikIeEq9ymGJ6nmcDXiSFQpUW1IhJ245nL3xM=",
        "owner": "hyprwm",
        "repo": "hyprgraphics",
        "rev": "68d064434787cf1ed4a2fe257c03c5f52f33cf84",
        "type": "github"
      },
      "original": {
        "owner": "hyprwm",
        "repo": "hyprgraphics",
        "type": "github"
      }
    },
    "hyprland-guiutils": {
      "inputs": {
        "aquamarine": [
          "hyprlua",
          "aquamarine"
        ],
        "hyprgraphics": [
          "hyprlua",
          "hyprgraphics"
        ],
        "hyprlang": [
          "hyprlua",
          "hyprlang"
        ],
        "hyprtoolkit": "hyprtoolkit",
        "hyprutils": [
          "hyprlua",
          "hyprutils"
        ],
        "hyprwayland-scanner": [
          "hyprlua",
          "hyprwayland-scanner"
        ],
        "nixpkgs": [
          "hyprlua",
          "nixpkgs"
        ],
        "systems": [
          "hyprlua",
          "systems"
        ]
      },
      "locked": {
        "lastModified": 1776426575,
        "narHash": "sha256-KI6nIfVihn/DPaeB5Et46Xg3dkNHrrEtUd5LBBVomB0=",
        "owner": "hyprwm",
        "repo": "hyprland-guiutils",
        "rev": "a968d211048e3ed538e47b84cb3649299578f19d",
        "type": "github"
      },
      "original": {
        "owner": "hyprwm",
        "repo": "hyprland-guiutils",
        "type": "github"
      }
    },
    "hyprland-protocols": {
      "inputs": {
        "nixpkgs": [
          "hyprlua",
          "nixpkgs"
        ],
        "systems": [
          "hyprlua",
          "systems"
        ]
      },
      "locked": {
        "lastModified": 1772460177,
        "narHash": "sha256-/6G/MsPvtn7bc4Y32pserBT/Z4SUUdBd4XYJpOEKVR4=",
        "owner": "hyprwm",
        "repo": "hyprland-protocols",
        "rev": "1cb6db5fd6bb8aee419f4457402fa18293ace917",
        "type": "github"
      },
      "original": {
        "owner": "hyprwm",
        "repo": "hyprland-protocols",
        "type": "github"
      }
    },
    "hyprlang": {
      "inputs": {
        "hyprutils": [
          "hyprlua",
          "hyprutils"
        ],
        "nixpkgs": [
          "hyprlua",
          "nixpkgs"
        ],
        "systems": [
          "hyprlua",
          "systems"
        ]
      },
      "locked": {
        "lastModified": 1776426736,
        "narHash": "sha256-rl7i4aY+9p8LysJp7o8uRWahCkpFznCgGHXszlTw7b0=",
        "owner": "hyprwm",
        "repo": "hyprlang",
        "rev": "7833ff33b2e82d3406337b5dcf0d1cec595d83e9",
        "type": "github"
      },
      "original": {
        "owner": "hyprwm",
        "repo": "hyprlang",
        "type": "github"
      }
    },
    "hyprlua": {
      "inputs": {
        "aquamarine": "aquamarine",
        "hyprcursor": "hyprcursor",
        "hyprgraphics": "hyprgraphics",
        "hyprland-guiutils": "hyprland-guiutils",
        "hyprland-protocols": "hyprland-protocols",
        "hyprlang": "hyprlang",
        "hyprutils": "hyprutils",
        "hyprwayland-scanner": "hyprwayland-scanner",
        "hyprwire": "hyprwire",
        "nixpkgs": [
          "nixpkgs"
        ],
        "pre-commit-hooks": "pre-commit-hooks",
        "systems": "systems",
        "xdph": "xdph"
      },
      "locked": {
        "lastModified": 1777207870,
        "narHash": "sha256-J5lS5W14Awfz/gIVIkatIH0cTuFv9HVXmKNyE+51pfo=",
        "owner": "vaxerski",
        "repo": "Hyprland",
        "rev": "c35a8a565bf14fcf71b34663e7bd7683ca3facfd",
        "type": "github"
      },
      "original": {
        "owner": "vaxerski",
        "ref": "lua-lua-lua-lua-lua-lua-lua",
        "repo": "Hyprland",
        "type": "github"
      }
    },
    "hyprtoolkit": {
      "inputs": {
        "aquamarine": [
          "hyprlua",
          "hyprland-guiutils",
          "aquamarine"
        ],
        "hyprgraphics": [
          "hyprlua",
          "hyprland-guiutils",
          "hyprgraphics"
        ],
        "hyprlang": [
          "hyprlua",
          "hyprland-guiutils",
          "hyprlang"
        ],
        "hyprutils": [
          "hyprlua",
          "hyprland-guiutils",
          "hyprutils"
        ],
        "hyprwayland-scanner": [
          "hyprlua",
          "hyprland-guiutils",
          "hyprwayland-scanner"
        ],
        "nixpkgs": [
          "hyprlua",
          "hyprland-guiutils",
          "nixpkgs"
        ],
        "systems": [
          "hyprlua",
          "hyprland-guiutils",
          "systems"
        ]
      },
      "locked": {
        "lastModified": 1772462885,
        "narHash": "sha256-5pHXrQK9zasMnIo6yME6EOXmWGFMSnCITcfKshhKJ9I=",
        "owner": "hyprwm",
        "repo": "hyprtoolkit",
        "rev": "9af245a69fa6b286b88ddfc340afd288e00a6998",
        "type": "github"
      },
      "original": {
        "owner": "hyprwm",
        "repo": "hyprtoolkit",
        "type": "github"
      }
    },
    "hyprutils": {
      "inputs": {
        "nixpkgs": [
          "hyprlua",
          "nixpkgs"
        ],
        "systems": [
          "hyprlua",
          "systems"
        ]
      },
      "locked": {
        "lastModified": 1776428866,
        "narHash": "sha256-XfRlBolGtjvalTHJp3XvvpYLBjkMhaZLLU0WqZ91Fcg=",
        "owner": "hyprwm",
        "repo": "hyprutils",
        "rev": "eedd60805cd96d4442586f2ba5fe51d549b12674",
        "type": "github"
      },
      "original": {
        "owner": "hyprwm",
        "repo": "hyprutils",
        "type": "github"
      }
    },
    "hyprwayland-scanner": {
      "inputs": {
        "nixpkgs": [
          "hyprlua",
          "nixpkgs"
        ],
        "systems": [
          "hyprlua",
          "systems"
        ]
      },
      "locked": {
        "lastModified": 1776430932,
        "narHash": "sha256-Yv3RPiUvl7CAsJgwIVsqcj7akn1gLyJP1F/mocof5hA=",
        "owner": "hyprwm",
        "repo": "hyprwayland-scanner",
        "rev": "4c2fcc06dc9722c97dbb54ba649c69b18ce83d2e",
        "type": "github"
      },
      "original": {
        "owner": "hyprwm",
        "repo": "hyprwayland-scanner",
        "type": "github"
      }
    },
    "hyprwire": {
      "inputs": {
        "hyprutils": [
          "hyprlua",
          "hyprutils"
        ],
        "nixpkgs": [
          "hyprlua",
          "nixpkgs"
        ],
        "systems": [
          "hyprlua",
          "systems"
        ]
      },
      "locked": {
        "lastModified": 1776728575,
        "narHash": "sha256-z9eGphrArEBpl1O/GCH0wlY6z4K9vA6yWh2gAS6qytU=",
        "owner": "hyprwm",
        "repo": "hyprwire",
        "rev": "f3a80888783702a39691b684d099e16b83ed4702",
        "type": "github"
      },
      "original": {
        "owner": "hyprwm",
        "repo": "hyprwire",
        "type": "github"
      }
    },
    "nix-darwin": {
      "inputs": {
        "nixpkgs": [
          "hjem",
          "nixpkgs"
        ]
      },
      "locked": {
        "lastModified": 1775037210,
        "narHash": "sha256-KM2WYj6EA7M/FVZVCl3rqWY+TFV5QzSyyGE2gQxeODU=",
        "owner": "nix-darwin",
        "repo": "nix-darwin",
        "rev": "06648f4902343228ce2de79f291dd5a58ee12146",
        "type": "github"
      },
      "original": {
        "owner": "nix-darwin",
        "repo": "nix-darwin",
        "type": "github"
      }
    },
    "nix-flatpak": {
      "locked": {
        "lastModified": 1776625032,
        "narHash": "sha256-edvwHiFhgOiwywt6/Iwe+sSn6ybhU3WZGnIoiGcKjfQ=",
        "owner": "gmodena",
        "repo": "nix-flatpak",
        "rev": "479e19f1decb390aa5b75cae13ddf87d763c74cc",
        "type": "github"
      },
      "original": {
        "owner": "gmodena",
        "repo": "nix-flatpak",
        "type": "github"
      }
    },
    "nixpkgs": {
      "locked": {
        "lastModified": 1776877367,
        "narHash": "sha256-EHq1/OX139R1RvBzOJ0aMRT3xnWyqtHBRUBuO1gFzjI=",
        "owner": "NixOS",
        "repo": "nixpkgs",
        "rev": "0726a0ecb6d4e08f6adced58726b95db924cef57",
        "type": "github"
      },
      "original": {
        "id": "nixpkgs",
        "ref": "nixos-unstable",
        "type": "indirect"
      }
    },
    "pre-commit-hooks": {
      "inputs": {
        "flake-compat": "flake-compat",
        "gitignore": "gitignore",
        "nixpkgs": [
          "hyprlua",
          "nixpkgs"
        ]
      },
      "locked": {
        "lastModified": 1776796298,
        "narHash": "sha256-PcRvlWayisPSjd0UcRQbhG8Oqw78AcPE6x872cPRHN8=",
        "owner": "cachix",
        "repo": "git-hooks.nix",
        "rev": "3cfd774b0a530725a077e17354fbdb87ea1c4aad",
        "type": "github"
      },
      "original": {
        "owner": "cachix",
        "repo": "git-hooks.nix",
        "type": "github"
      }
    },
    "root": {
      "inputs": {
        "finix": "finix",
        "hjem": "hjem",
        "hyprlua": "hyprlua",
        "nix-flatpak": "nix-flatpak",
        "nixpkgs": "nixpkgs"
      }
    },
    "systems": {
      "locked": {
        "lastModified": 1689347949,
        "narHash": "sha256-12tWmuL2zgBgZkdoB6qXZsgJEH9LR3oUgpaQq2RbI80=",
        "owner": "nix-systems",
        "repo": "default-linux",
        "rev": "31732fcf5e8fea42e59c2488ad31a0e651500f68",
        "type": "github"
      },
      "original": {
        "owner": "nix-systems",
        "repo": "default-linux",
        "type": "github"
      }
    },
    "xdph": {
      "inputs": {
        "hyprland-protocols": [
          "hyprlua",
          "hyprland-protocols"
        ],
        "hyprlang": [
          "hyprlua",
          "hyprlang"
        ],
        "hyprutils": [
          "hyprlua",
          "hyprutils"
        ],
        "hyprwayland-scanner": [
          "hyprlua",
          "hyprwayland-scanner"
        ],
        "nixpkgs": [
          "hyprlua",
          "nixpkgs"
        ],
        "systems": [
          "hyprlua",
          "systems"
        ]
      },
      "locked": {
        "lastModified": 1776608502,
        "narHash": "sha256-UH8YoQxx4hFOm6qjMdjRQNRvSejFIR/wBZ8fW1p9sME=",
        "owner": "hyprwm",
        "repo": "xdg-desktop-portal-hyprland",
        "rev": "4a293523d36dfa367e67ec304cc718ea66a8fec2",
        "type": "github"
      },
      "original": {
        "owner": "hyprwm",
        "repo": "xdg-desktop-portal-hyprland",
        "type": "github"
      }
    }
  },
  "root": "root",
  "version": 7
}
